
Microsoft Visual Studio Solution File, Format Version 12.00
# Visual Studio 15
VisualStudioVersion = 15.0.28307.1433
MinimumVisualStudioVersion = 10.0.40219.1
Project("{FAE04EC0-301F-11D3-BF4B-00C04F79EFBC}") = "ConsoleApp3", "ConsoleApp3\ConsoleApp3.csproj", "{4450E547-5E93-4DCE-904D-C5F9FB29F2E5}"
EndProject
Project("{FAE04EC0-301F-11D3-BF4B-00C04F79EFBC}") = "UnitTestProject1", "UnitTestProject1\UnitTestProject1.csproj", "{06C483D5-0EA1-462D-AB28-54BDC3F7F3AF}"
EndProject
Global
	GlobalSection(SolutionConfigurationPlatforms) = preSolution
		Debug|Any CPU = Debug|Any CPU
		Release|Any CPU = Release|Any CPU
	EndGlobalSection
	GlobalSection(ProjectConfigurationPlatforms) = postSolution
		{4450E547-5E93-4DCE-904D-C5F9FB29F2E5}.Debug|Any CPU.ActiveCfg = Debug|Any CPU
		{4450E547-5E93-4DCE-904D-C5F9FB29F2E5}.Debug|Any CPU.Build.0 = Debug|Any CPU
		{4450E547-5E93-4DCE-904D-C5F9FB29F2E5}.Release|Any CPU.ActiveCfg = Release|Any CPU
		{4450E547-5E93-4DCE-904D-C5F9FB29F2E5}.Release|Any CPU.Build.0 = Release|Any CPU
		{06C483D5-0EA1-462D-AB28-54BDC3F7F3AF}.Debug|Any CPU.ActiveCfg = Debug|Any CPU
		{06C483D5-0EA1-462D-AB28-54BDC3F7F3AF}.Debug|Any CPU.Build.0 = Debug|Any CPU
		{06C483D5-0EA1-462D-AB28-54BDC3F7F3AF}.Release|Any CPU.ActiveCfg = Release|Any CPU
		{06C483D5-0EA1-462D-AB28-54BDC3F7F3AF}.Release|Any CPU.Build.0 = Release|Any CPU
	EndGlobalSection
	GlobalSection(SolutionProperties) = preSolution
		HideSolutionNode = FALSE
	EndGlobalSection
	GlobalSection(ExtensibilityGlobals) = postSolution
		SolutionGuid = {E31F84FD-EB2B-4BEB-810F-E90E6C09CF86}
	EndGlobalSection
EndGlobal
